{
  "nodes": {
    "artcnn": {
      "flake": false,
      "locked": {
        "lastModified": 1748470755,
        "narHash": "sha256-cRI54c2TxBiJdnq6LJSRYxV+1b9CxMCdFBbHA+6LmZo=",
        "owner": "Artoriuz",
        "repo": "ArtCNN",
        "rev": "bf3a3948a7654550ca86ba0f5a588202ba62b900",
        "type": "github"
      },
      "original": {
        "owner": "Artoriuz",
        "repo": "ArtCNN",
        "type": "github"
      }
    },
    "base16": {
      "inputs": {
        "fromYaml": "fromYaml"
      },
      "locked": {
        "lastModified": 1746562888,
        "narHash": "sha256-YgNJQyB5dQiwavdDFBMNKk1wyS77AtdgDk/VtU6wEaI=",
        "owner": "SenchoPens",
        "repo": "base16.nix",
        "rev": "806a1777a5db2a1ef9d5d6f493ef2381047f2b89",
        "type": "github"
      },
      "original": {
        "owner": "SenchoPens",
        "repo": "base16.nix",
        "type": "github"
      }
    },
    "base16-fish": {
      "flake": false,
      "locked": {
        "lastModified": 1622559957,
        "narHash": "sha256-PebymhVYbL8trDVVXxCvZgc0S5VxI7I1Hv4RMSquTpA=",
        "owner": "tomyun",
        "repo": "base16-fish",
        "rev": "2f6dd973a9075dabccd26f1cded09508180bf5fe",
        "type": "github"
      },
      "original": {
        "owner": "tomyun",
        "repo": "base16-fish",
        "type": "github"
      }
    },
    "base16-helix": {
      "flake": false,
      "locked": {
        "lastModified": 1736852337,
        "narHash": "sha256-esD42YdgLlEh7koBrSqcT7p2fsMctPAcGl/+2sYJa2o=",
        "owner": "tinted-theming",
        "repo": "base16-helix",
        "rev": "03860521c40b0b9c04818f2218d9cc9efc21e7a5",
        "type": "github"
      },
      "original": {
        "owner": "tinted-theming",
        "repo": "base16-helix",
        "type": "github"
      }
    },
    "base16-vim": {
      "flake": false,
      "locked": {
        "lastModified": 1732806396,
        "narHash": "sha256-e0bpPySdJf0F68Ndanwm+KWHgQiZ0s7liLhvJSWDNsA=",
        "owner": "tinted-theming",
        "repo": "base16-vim",
        "rev": "577fe8125d74ff456cf942c733a85d769afe58b7",
        "type": "github"
      },
      "original": {
        "owner": "tinted-theming",
        "repo": "base16-vim",
        "rev": "577fe8125d74ff456cf942c733a85d769afe58b7",
        "type": "github"
      }
    },
    "crane": {
      "locked": {
        "lastModified": 1748970125,
        "narHash": "sha256-UDyigbDGv8fvs9aS95yzFfOKkEjx1LO3PL3DsKopohA=",
        "owner": "ipetkov",
        "repo": "crane",
        "rev": "323b5746d89e04b22554b061522dfce9e4c49b18",
        "type": "github"
      },
      "original": {
        "owner": "ipetkov",
        "repo": "crane",
        "type": "github"
      }
    },
    "curd": {
      "inputs": {
        "nixpkgs": [
          "niqspkgs",
          "nixpkgs"
        ],
        "systems": [
          "niqspkgs",
          "systems"
        ]
      },
      "locked": {
        "lastModified": 1744903352,
        "narHash": "sha256-nxWkiFccqbFkvh4wemMUKyYqufNs3LT8DSL/yqfBQys=",
        "owner": "Wraient",
        "repo": "curd",
        "rev": "4d9874c1c462be98d472240213c02408d67c93a0",
        "type": "github"
      },
      "original": {
        "owner": "Wraient",
        "repo": "curd",
        "type": "github"
      }
    },
    "dix": {
      "inputs": {
        "fenix": "fenix",
        "nixpkgs": [
          "niqspkgs",
          "nq",
          "nixpkgs"
        ],
        "systems": [
          "niqspkgs",
          "nq",
          "systems"
        ]
      },
      "locked": {
        "lastModified": 1749987708,
        "narHash": "sha256-CCHWxQjronLhyt5MB2bb2vgmOgvjYaIr2HNbmUmT+gw=",
        "owner": "bloxx12",
        "repo": "dix",
        "rev": "a98f3cac20b2716d56114f85f97cf5e904c037d2",
        "type": "github"
      },
      "original": {
        "owner": "bloxx12",
        "repo": "dix",
        "type": "github"
      }
    },
    "dsync": {
      "inputs": {
        "nixpkgs": [
          "niqspkgs",
          "nixpkgs"
        ],
        "systems": [
          "niqspkgs",
          "systems"
        ]
      },
      "locked": {
        "lastModified": 1748959026,
        "narHash": "sha256-qwKejZAI/sBoey9O0Hoo57F/LdXm8UOHMJO515Rt66k=",
        "owner": "diniamo",
        "repo": "dsync",
        "rev": "845d5d5ab545f257dbd5bf784f18c57b86db5e77",
        "type": "github"
      },
      "original": {
        "owner": "diniamo",
        "repo": "dsync",
        "type": "github"
      }
    },
    "fenix": {
      "inputs": {
        "nixpkgs": [
          "niqspkgs",
          "nq",
          "dix",
          "nixpkgs"
        ],
        "rust-analyzer-src": "rust-analyzer-src"
      },
      "locked": {
        "lastModified": 1746858783,
        "narHash": "sha256-oLrH70QIWB/KpaI+nztyP1hG4zAEEpMiNk6sA8QLQ/8=",
        "owner": "nix-community",
        "repo": "fenix",
        "rev": "4e3cd098060cca21f2a213ce8c086948df946940",
        "type": "github"
      },
      "original": {
        "owner": "nix-community",
        "repo": "fenix",
        "type": "github"
      }
    },
    "firefox-gnome-theme": {
      "flake": false,
      "locked": {
        "lastModified": 1744642301,
        "narHash": "sha256-5A6LL7T0lttn1vrKsNOKUk9V0ittdW0VEqh6AtefxJ4=",
        "owner": "rafaelmardojai",
        "repo": "firefox-gnome-theme",
        "rev": "59e3de00f01e5adb851d824cf7911bd90c31083a",
        "type": "github"
      },
      "original": {
        "owner": "rafaelmardojai",
        "repo": "firefox-gnome-theme",
        "type": "github"
      }
    },
    "flake-compat": {
      "locked": {
        "lastModified": 1747046372,
        "narHash": "sha256-CIVLLkVgvHYbgI2UpXvIIBJ12HWgX+fjA8Xf8PUmqCY=",
        "owner": "edolstra",
        "repo": "flake-compat",
        "rev": "9100a0f413b0c601e0533d1d94ffd501ce2e7885",
        "type": "github"
      },
      "original": {
        "owner": "edolstra",
        "repo": "flake-compat",
        "type": "github"
      }
    },
    "flake-parts": {
      "inputs": {
        "nixpkgs-lib": [
          "nixpkgs"
        ]
      },
      "locked": {
        "lastModified": 1743550720,
        "narHash": "sha256-hIshGgKZCgWh6AYJpJmRgFdR3WUbkY04o82X05xqQiY=",
        "owner": "hercules-ci",
        "repo": "flake-parts",
        "rev": "c621e8422220273271f52058f618c94e405bb0f5",
        "type": "github"
      },
      "original": {
        "owner": "hercules-ci",
        "repo": "flake-parts",
        "type": "github"
      }
    },
    "flake-utils": {
      "inputs": {
        "systems": [
          "systems"
        ]
      },
      "locked": {
        "lastModified": 1731533236,
        "narHash": "sha256-l0KFg5HjrsfsO/JpG+r7fRrqm12kzFHyUHqHCVpMMbI=",
        "owner": "numtide",
        "repo": "flake-utils",
        "rev": "11707dc2f618dd54ca8739b309ec4fc024de578b",
        "type": "github"
      },
      "original": {
        "owner": "numtide",
        "repo": "flake-utils",
        "type": "github"
      }
    },
    "flint": {
      "inputs": {
        "nixpkgs": [
          "niqspkgs",
          "nixpkgs"
        ]
      },
      "locked": {
        "lastModified": 1739362011,
        "narHash": "sha256-16LoFQCSesNILpDLnhsk6IDWB9MkbhPN0emq29/B9Vw=",
        "owner": "NotAShelf",
        "repo": "flint",
        "rev": "6da53afec5296fc20551a833db46348420b64713",
        "type": "github"
      },
      "original": {
        "owner": "NotAShelf",
        "repo": "flint",
        "type": "github"
      }
    },
    "fromYaml": {
      "flake": false,
      "locked": {
        "lastModified": 1731966426,
        "narHash": "sha256-lq95WydhbUTWig/JpqiB7oViTcHFP8Lv41IGtayokA8=",
        "owner": "SenchoPens",
        "repo": "fromYaml",
        "rev": "106af9e2f715e2d828df706c386a685698f3223b",
        "type": "github"
      },
      "original": {
        "owner": "SenchoPens",
        "repo": "fromYaml",
        "type": "github"
      }
    },
    "gitignore": {
      "inputs": {
        "nixpkgs": "nixpkgs"
      },
      "locked": {
        "lastModified": 1709087332,
        "narHash": "sha256-HG2cCnktfHsKV0s4XW83gU3F57gaTljL9KNSuG6bnQs=",
        "owner": "hercules-ci",
        "repo": "gitignore.nix",
        "rev": "637db329424fd7e46cf4185293b9cc8c88c95394",
        "type": "github"
      },
      "original": {
        "owner": "hercules-ci",
        "repo": "gitignore.nix",
        "type": "github"
      }
    },
    "gnome-shell": {
      "flake": false,
      "locked": {
        "lastModified": 1744584021,
        "narHash": "sha256-0RJ4mJzf+klKF4Fuoc8VN8dpQQtZnKksFmR2jhWE1Ew=",
        "owner": "GNOME",
        "repo": "gnome-shell",
        "rev": "52c517c8f6c199a1d6f5118fae500ef69ea845ae",
        "type": "github"
      },
      "original": {
        "owner": "GNOME",
        "ref": "48.1",
        "repo": "gnome-shell",
        "type": "github"
      }
    },
    "home-manager": {
      "inputs": {
        "nixpkgs": [
          "nixpkgs"
        ]
      },
      "locked": {
        "lastModified": 1748700674,
        "narHash": "sha256-TWfXB+RZzubHR3UyzaudtIm08iyeRJkxorF0JNomlQ0=",
        "owner": "diniamo",
        "repo": "home-manager",
        "rev": "139b13ffbd06416f35069b6d40f13e717bcdf82a",
        "type": "github"
      },
      "original": {
        "owner": "diniamo",
        "ref": "custom",
        "repo": "home-manager",
        "type": "github"
      }
    },
    "lanzaboote": {
      "inputs": {
        "crane": "crane",
        "flake-compat": [
          "flake-compat"
        ],
        "flake-parts": [
          "flake-parts"
        ],
        "nixpkgs": [
          "nixpkgs"
        ],
        "pre-commit-hooks-nix": "pre-commit-hooks-nix",
        "rust-overlay": [
          "rust-overlay"
        ]
      },
      "locked": {
        "lastModified": 1747056319,
        "narHash": "sha256-qSKcBaISBozadtPq6BomnD+wIYTZIkiua3UuHLaD52c=",
        "owner": "nix-community",
        "repo": "lanzaboote",
        "rev": "2e425f3da6ce7f5b34fa6eaf7a2a7f78dbabcc85",
        "type": "github"
      },
      "original": {
        "owner": "nix-community",
        "repo": "lanzaboote",
        "type": "github"
      }
    },
    "lix": {
      "inputs": {
        "flake-compat": [
          "flake-compat"
        ],
        "nix2container": "nix2container",
        "nixpkgs": [
          "niqspkgs",
          "nixpkgs"
        ],
        "nixpkgs-regression": "nixpkgs-regression",
        "pre-commit-hooks": [
          "pre-commit-hooks"
        ]
      },
      "locked": {
        "lastModified": 1748588861,
        "narHash": "sha256-bP9MHHCx/6Pi1TlO7Iq8X6AUoQHzyExQJNnSHSOqUUk=",
        "owner": "lix-project",
        "repo": "lix",
        "rev": "3815dd5e64fc374fa4dcc5064470cd7a7d77aaf3",
        "type": "github"
      },
      "original": {
        "owner": "lix-project",
        "repo": "lix",
        "type": "github"
      }
    },
    "niqspkgs": {
      "inputs": {
        "curd": "curd",
        "dsync": "dsync",
        "flake-parts": [
          "flake-parts"
        ],
        "flint": "flint",
        "lix": "lix",
        "nixpkgs": "nixpkgs_2",
        "nq": "nq",
        "systems": [
          "systems"
        ],
        "watt": "watt",
        "wayhibitor": "wayhibitor",
        "wiremix": "wiremix"
      },
      "locked": {
        "lastModified": 1750075149,
        "narHash": "sha256-XrYjHwUD+VVHN7bYH3KvWUsxaEjI2XLQT8venHGWxhk=",
        "owner": "diniamo",
        "repo": "niqspkgs",
        "rev": "db41f2e36150740b27549bf1c2606edcb0ce06d6",
        "type": "github"
      },
      "original": {
        "owner": "diniamo",
        "repo": "niqspkgs",
        "type": "github"
      }
    },
    "nix-index-database": {
      "inputs": {
        "nixpkgs": [
          "nixpkgs"
        ]
      },
      "locked": {
        "lastModified": 1748145500,
        "narHash": "sha256-t9fx0l61WOxtWxXCqlXPWSuG/0XMF9DtE2T7KXgMqJw=",
        "owner": "nix-community",
        "repo": "nix-index-database",
        "rev": "a98adbf54d663395df0b9929f6481d4d80fc8927",
        "type": "github"
      },
      "original": {
        "owner": "nix-community",
        "repo": "nix-index-database",
        "type": "github"
      }
    },
    "nix2container": {
      "flake": false,
      "locked": {
        "lastModified": 1724996935,
        "narHash": "sha256-njRK9vvZ1JJsP8oV2OgkBrpJhgQezI03S7gzskCcHos=",
        "owner": "nlewo",
        "repo": "nix2container",
        "rev": "fa6bb0a1159f55d071ba99331355955ae30b3401",
        "type": "github"
      },
      "original": {
        "owner": "nlewo",
        "repo": "nix2container",
        "type": "github"
      }
    },
    "nixpkgs": {
      "locked": {
        "lastModified": 1666603677,
        "narHash": "sha256-apAEIj+z1iwMaMJ4tB21r/VTetfGDLDzuhXRHJknIAU=",
        "owner": "NixOS",
        "repo": "nixpkgs",
        "rev": "074da18a72269cc5a6cf444dce42daea5649b2fe",
        "type": "github"
      },
      "original": {
        "id": "nixpkgs",
        "type": "indirect"
      }
    },
    "nixpkgs-regression": {
      "locked": {
        "lastModified": 1643052045,
        "narHash": "sha256-uGJ0VXIhWKGXxkeNnq4TvV3CIOkUJ3PAoLZ3HMzNVMw=",
        "owner": "NixOS",
        "repo": "nixpkgs",
        "rev": "215d4d0fd80ca5163643b03a33fde804a29cc1e2",
        "type": "github"
      },
      "original": {
        "owner": "NixOS",
        "repo": "nixpkgs",
        "rev": "215d4d0fd80ca5163643b03a33fde804a29cc1e2",
        "type": "github"
      }
    },
    "nixpkgs_2": {
      "locked": {
        "lastModified": 1749285348,
        "narHash": "sha256-frdhQvPbmDYaScPFiCnfdh3B/Vh81Uuoo0w5TkWmmjU=",
        "owner": "NixOS",
        "repo": "nixpkgs",
        "rev": "3e3afe5174c561dee0df6f2c2b2236990146329f",
        "type": "github"
      },
      "original": {
        "owner": "NixOS",
        "ref": "nixos-unstable",
        "repo": "nixpkgs",
        "type": "github"
      }
    },
    "nixpkgs_3": {
      "locked": {
        "lastModified": 1748783200,
        "narHash": "sha256-URXCV7ftjtbYwYqWrfXc8o3Otz427djqBo/B0U9SpbA=",
        "owner": "diniamo",
        "repo": "nixpkgs",
        "rev": "428a5a527ea82c18104d4cc37f8f3e205880bc54",
        "type": "github"
      },
      "original": {
        "owner": "diniamo",
        "ref": "custom",
        "repo": "nixpkgs",
        "type": "github"
      }
    },
    "nq": {
      "inputs": {
        "dix": "dix",
        "flake-parts": [
          "niqspkgs",
          "flake-parts"
        ],
        "nixpkgs": [
          "niqspkgs",
          "nixpkgs"
        ],
        "systems": [
          "niqspkgs",
          "systems"
        ]
      },
      "locked": {
        "lastModified": 1750075097,
        "narHash": "sha256-GkBLrI7FGV0B9L5N+1lzsc1u9xZGO89w8hXtWItfTU0=",
        "owner": "diniamo",
        "repo": "nq",
        "rev": "7e7f73f1d6279d7506b6094dfd11561f898f56ca",
        "type": "github"
      },
      "original": {
        "owner": "diniamo",
        "repo": "nq",
        "type": "github"
      }
    },
    "nur": {
      "inputs": {
        "flake-parts": [
          "stylix",
          "flake-parts"
        ],
        "nixpkgs": [
          "stylix",
          "nixpkgs"
        ],
        "treefmt-nix": "treefmt-nix"
      },
      "locked": {
        "lastModified": 1746056780,
        "narHash": "sha256-/emueQGaoT4vu0QjU9LDOG5roxRSfdY0K2KkxuzazcM=",
        "owner": "nix-community",
        "repo": "NUR",
        "rev": "d476cd0972dd6242d76374fcc277e6735715c167",
        "type": "github"
      },
      "original": {
        "owner": "nix-community",
        "repo": "NUR",
        "type": "github"
      }
    },
    "odin-ts-mode": {
      "flake": false,
      "locked": {
        "lastModified": 1742594643,
        "narHash": "sha256-+nqOh5cptME6e3q05XtZaY7DTzk84GEdUqXOXeB1bqY=",
        "owner": "Sampie159",
        "repo": "odin-ts-mode",
        "rev": "495f425018531828a8304dc45288779e58d869ad",
        "type": "github"
      },
      "original": {
        "owner": "Sampie159",
        "repo": "odin-ts-mode",
        "type": "github"
      }
    },
    "pre-commit-hooks": {
      "inputs": {
        "flake-compat": [
          "flake-compat"
        ],
        "gitignore": [
          "gitignore"
        ],
        "nixpkgs": [
          "nixpkgs"
        ]
      },
      "locked": {
        "lastModified": 1747372754,
        "narHash": "sha256-2Y53NGIX2vxfie1rOW0Qb86vjRZ7ngizoo+bnXU9D9k=",
        "owner": "cachix",
        "repo": "git-hooks.nix",
        "rev": "80479b6ec16fefd9c1db3ea13aeb038c60530f46",
        "type": "github"
      },
      "original": {
        "owner": "cachix",
        "repo": "git-hooks.nix",
        "type": "github"
      }
    },
    "pre-commit-hooks-nix": {
      "inputs": {
        "flake-compat": [
          "lanzaboote",
          "flake-compat"
        ],
        "gitignore": [
          "gitignore"
        ],
        "nixpkgs": [
          "lanzaboote",
          "nixpkgs"
        ]
      },
      "locked": {
        "lastModified": 1746537231,
        "narHash": "sha256-Wb2xeSyOsCoTCTj7LOoD6cdKLEROyFAArnYoS+noCWo=",
        "owner": "cachix",
        "repo": "pre-commit-hooks.nix",
        "rev": "fa466640195d38ec97cf0493d6d6882bc4d14969",
        "type": "github"
      },
      "original": {
        "owner": "cachix",
        "repo": "pre-commit-hooks.nix",
        "type": "github"
      }
    },
    "root": {
      "inputs": {
        "artcnn": "artcnn",
        "flake-compat": "flake-compat",
        "flake-parts": "flake-parts",
        "flake-utils": "flake-utils",
        "gitignore": "gitignore",
        "home-manager": "home-manager",
        "lanzaboote": "lanzaboote",
        "niqspkgs": "niqspkgs",
        "nix-index-database": "nix-index-database",
        "nixpkgs": "nixpkgs_3",
        "odin-ts-mode": "odin-ts-mode",
        "pre-commit-hooks": "pre-commit-hooks",
        "rust-overlay": "rust-overlay",
        "stylix": "stylix",
        "systems": "systems_2",
        "tree-sitter-odin": "tree-sitter-odin",
        "wallpapers": "wallpapers",
        "watt": [
          "niqspkgs",
          "watt"
        ]
      }
    },
    "rust-analyzer-src": {
      "flake": false,
      "locked": {
        "lastModified": 1746722075,
        "narHash": "sha256-t4ZntWiW4C3lE621lV3XyK3KltC5/SW1V9G+CSz70rQ=",
        "owner": "rust-lang",
        "repo": "rust-analyzer",
        "rev": "8b624868e4ce2cb5b39559175f0978bee86bdeea",
        "type": "github"
      },
      "original": {
        "owner": "rust-lang",
        "ref": "nightly",
        "repo": "rust-analyzer",
        "type": "github"
      }
    },
    "rust-overlay": {
      "inputs": {
        "nixpkgs": [
          "nixpkgs"
        ]
      },
      "locked": {
        "lastModified": 1748658947,
        "narHash": "sha256-F+nGITu6D7RswJlm8qCuU1PCuOSgDeAqaDKWW1n1jmQ=",
        "owner": "oxalica",
        "repo": "rust-overlay",
        "rev": "fc82ce758cc5df6a6d5d24e75710321cdbdc787a",
        "type": "github"
      },
      "original": {
        "owner": "oxalica",
        "repo": "rust-overlay",
        "type": "github"
      }
    },
    "stylix": {
      "inputs": {
        "base16": "base16",
        "base16-fish": "base16-fish",
        "base16-helix": "base16-helix",
        "base16-vim": "base16-vim",
        "firefox-gnome-theme": "firefox-gnome-theme",
        "flake-compat": [
          "flake-compat"
        ],
        "flake-parts": [
          "flake-parts"
        ],
        "git-hooks": [
          "pre-commit-hooks"
        ],
        "gnome-shell": "gnome-shell",
        "home-manager": [
          "home-manager"
        ],
        "nixpkgs": [
          "nixpkgs"
        ],
        "nur": "nur",
        "systems": "systems",
        "tinted-foot": "tinted-foot",
        "tinted-kitty": "tinted-kitty",
        "tinted-schemes": "tinted-schemes",
        "tinted-tmux": "tinted-tmux",
        "tinted-zed": "tinted-zed"
      },
      "locked": {
        "lastModified": 1748699906,
        "narHash": "sha256-pu2UKagKKysJ7EYeOcm8vWoZq1lcxfwfu3/C1Y3OFz8=",
        "owner": "danth",
        "repo": "stylix",
        "rev": "8762da957b8b04b8b73248144f1c0ff7a88924b5",
        "type": "github"
      },
      "original": {
        "owner": "danth",
        "repo": "stylix",
        "type": "github"
      }
    },
    "systems": {
      "locked": {
        "lastModified": 1681028828,
        "narHash": "sha256-Vy1rq5AaRuLzOxct8nz4T6wlgyUR7zLU309k9mBC768=",
        "owner": "nix-systems",
        "repo": "default",
        "rev": "da67096a3b9bf56a91d16901293e51ba5b49a27e",
        "type": "github"
      },
      "original": {
        "owner": "nix-systems",
        "repo": "default",
        "type": "github"
      }
    },
    "systems_2": {
      "locked": {
        "lastModified": 1680978846,
        "narHash": "sha256-Gtqg8b/v49BFDpDetjclCYXm8mAnTrUzR0JnE2nv5aw=",
        "owner": "nix-systems",
        "repo": "x86_64-linux",
        "rev": "2ecfcac5e15790ba6ce360ceccddb15ad16d08a8",
        "type": "github"
      },
      "original": {
        "owner": "nix-systems",
        "repo": "x86_64-linux",
        "type": "github"
      }
    },
    "tinted-foot": {
      "flake": false,
      "locked": {
        "lastModified": 1726913040,
        "narHash": "sha256-+eDZPkw7efMNUf3/Pv0EmsidqdwNJ1TaOum6k7lngDQ=",
        "owner": "tinted-theming",
        "repo": "tinted-foot",
        "rev": "fd1b924b6c45c3e4465e8a849e67ea82933fcbe4",
        "type": "github"
      },
      "original": {
        "owner": "tinted-theming",
        "repo": "tinted-foot",
        "rev": "fd1b924b6c45c3e4465e8a849e67ea82933fcbe4",
        "type": "github"
      }
    },
    "tinted-kitty": {
      "flake": false,
      "locked": {
        "lastModified": 1735730497,
        "narHash": "sha256-4KtB+FiUzIeK/4aHCKce3V9HwRvYaxX+F1edUrfgzb8=",
        "owner": "tinted-theming",
        "repo": "tinted-kitty",
        "rev": "de6f888497f2c6b2279361bfc790f164bfd0f3fa",
        "type": "github"
      },
      "original": {
        "owner": "tinted-theming",
        "repo": "tinted-kitty",
        "type": "github"
      }
    },
    "tinted-schemes": {
      "flake": false,
      "locked": {
        "lastModified": 1744974599,
        "narHash": "sha256-Fg+rdGs5FAgfkYNCs74lnl8vkQmiZVdBsziyPhVqrlY=",
        "owner": "tinted-theming",
        "repo": "schemes",
        "rev": "28c26a621123ad4ebd5bbfb34ab39421c0144bdd",
        "type": "github"
      },
      "original": {
        "owner": "tinted-theming",
        "repo": "schemes",
        "type": "github"
      }
    },
    "tinted-tmux": {
      "flake": false,
      "locked": {
        "lastModified": 1745111349,
        "narHash": "sha256-udV+nHdpqgkJI9D0mtvvAzbqubt9jdifS/KhTTbJ45w=",
        "owner": "tinted-theming",
        "repo": "tinted-tmux",
        "rev": "e009f18a01182b63559fb28f1c786eb027c3dee9",
        "type": "github"
      },
      "original": {
        "owner": "tinted-theming",
        "repo": "tinted-tmux",
        "type": "github"
      }
    },
    "tinted-zed": {
      "flake": false,
      "locked": {
        "lastModified": 1725758778,
        "narHash": "sha256-8P1b6mJWyYcu36WRlSVbuj575QWIFZALZMTg5ID/sM4=",
        "owner": "tinted-theming",
        "repo": "base16-zed",
        "rev": "122c9e5c0e6f27211361a04fae92df97940eccf9",
        "type": "github"
      },
      "original": {
        "owner": "tinted-theming",
        "repo": "base16-zed",
        "type": "github"
      }
    },
    "tree-sitter-odin": {
      "flake": false,
      "locked": {
        "lastModified": 1736705685,
        "narHash": "sha256-aPeaGERAP1Fav2QAjZy1zXciCuUTQYrsqXaSQsYG0oU=",
        "owner": "tree-sitter-grammars",
        "repo": "tree-sitter-odin",
        "rev": "d2ca8efb4487e156a60d5bd6db2598b872629403",
        "type": "github"
      },
      "original": {
        "owner": "tree-sitter-grammars",
        "repo": "tree-sitter-odin",
        "type": "github"
      }
    },
    "treefmt-nix": {
      "inputs": {
        "nixpkgs": [
          "stylix",
          "nur",
          "nixpkgs"
        ]
      },
      "locked": {
        "lastModified": 1733222881,
        "narHash": "sha256-JIPcz1PrpXUCbaccEnrcUS8jjEb/1vJbZz5KkobyFdM=",
        "owner": "numtide",
        "repo": "treefmt-nix",
        "rev": "49717b5af6f80172275d47a418c9719a31a78b53",
        "type": "github"
      },
      "original": {
        "owner": "numtide",
        "repo": "treefmt-nix",
        "type": "github"
      }
    },
    "wallpapers": {
      "flake": false,
      "locked": {
        "lastModified": 1725376177,
        "narHash": "sha256-OsDg8AWn6PNPiU2iovYHXX6aNp5Nzh2GTZq1QzxsTuU=",
        "owner": "diniamo",
        "repo": "wallpapers",
        "rev": "969773047a3aac0c5d0348a17c6fdec4db1d6874",
        "type": "github"
      },
      "original": {
        "owner": "diniamo",
        "repo": "wallpapers",
        "type": "github"
      }
    },
    "watt": {
      "inputs": {
        "nixpkgs": [
          "niqspkgs",
          "nixpkgs"
        ]
      },
      "locked": {
        "lastModified": 1749377316,
        "narHash": "sha256-hw3rL4rlIlYJMTeE7DlQ3lRhQDJURAhE+PC/NT4VAAQ=",
        "owner": "NotAShelf",
        "repo": "watt",
        "rev": "154724c7b1bd49654ea55df719e1eb3219ec2000",
        "type": "github"
      },
      "original": {
        "owner": "NotAShelf",
        "repo": "watt",
        "type": "github"
      }
    },
    "wayhibitor": {
      "inputs": {
        "nixpkgs": [
          "niqspkgs",
          "nixpkgs"
        ],
        "systems": [
          "niqspkgs",
          "systems"
        ]
      },
      "locked": {
        "lastModified": 1747340589,
        "narHash": "sha256-ppRqiMzt8MnfUFiRJ9VBSegNLoWbqoZHRmgLIDXEUHU=",
        "owner": "diniamo",
        "repo": "wayhibitor",
        "rev": "f0f8c4ccef53910a07776f210246098c2dbff267",
        "type": "github"
      },
      "original": {
        "owner": "diniamo",
        "repo": "wayhibitor",
        "type": "github"
      }
    },
    "wiremix": {
      "inputs": {
        "nixpkgs": [
          "niqspkgs",
          "nixpkgs"
        ],
        "systems": [
          "niqspkgs",
          "systems"
        ]
      },
      "locked": {
        "lastModified": 1749265815,
        "narHash": "sha256-QLTCkYeXw/W7uB9vka7xeimxolFytpvFBTmHTc8XGpI=",
        "owner": "tsowell",
        "repo": "wiremix",
        "rev": "2a89df76e5d415f7a533377574c22df0aeddfe65",
        "type": "github"
      },
      "original": {
        "owner": "tsowell",
        "repo": "wiremix",
        "type": "github"
      }
    }
  },
  "root": "root",
  "version": 7
}
