{
  "nodes": {
    "artcnn": {
      "flake": false,
      "locked": {
        "lastModified": 1761335057,
        "narHash": "sha256-AuDBBQyL8dLt/P0SlRKa5EN3OhWPaLtd20UdXhvDsZk=",
        "owner": "Artoriuz",
        "repo": "ArtCNN",
        "rev": "441a5efd8af74fc103027fc0d267cc14faf952cd",
        "type": "github"
      },
      "original": {
        "owner": "Artoriuz",
        "repo": "ArtCNN",
        "type": "github"
      }
    },
    "crane": {
      "locked": {
        "lastModified": 1762538466,
        "narHash": "sha256-8zrIPl6J+wLm9MH5ksHcW7BUHo7jSNOu0/hA0ohOOaM=",
        "owner": "ipetkov",
        "repo": "crane",
        "rev": "0cea393fffb39575c46b7a0318386467272182fe",
        "type": "github"
      },
      "original": {
        "owner": "ipetkov",
        "repo": "crane",
        "type": "github"
      }
    },
    "dix": {
      "inputs": {
        "fenix": "fenix",
        "nixpkgs": [
          "niqspkgs",
          "nq",
          "nixpkgs"
        ],
        "systems": [
          "niqspkgs",
          "nq",
          "systems"
        ]
      },
      "locked": {
        "lastModified": 1753646251,
        "narHash": "sha256-Gq5Nr6xVGpAf1XnYrmoeyvqVgffAi8R6QETJU3xv22M=",
        "owner": "bloxx12",
        "repo": "dix",
        "rev": "28ba934ac190e637d520ff3055f786077729638e",
        "type": "github"
      },
      "original": {
        "owner": "bloxx12",
        "repo": "dix",
        "type": "github"
      }
    },
    "dsync": {
      "inputs": {
        "nixpkgs": [
          "niqspkgs",
          "nixpkgs"
        ],
        "systems": [
          "niqspkgs",
          "systems"
        ]
      },
      "locked": {
        "lastModified": 1753520198,
        "narHash": "sha256-lzzD4+VngxxHyGXf7nG1EDixV8tE52E32doPBJBwK20=",
        "owner": "diniamo",
        "repo": "dsync",
        "rev": "3e6126425a82b7c83034f5f4206e0cca972acfd0",
        "type": "github"
      },
      "original": {
        "owner": "diniamo",
        "repo": "dsync",
        "type": "github"
      }
    },
    "dwl": {
      "flake": false,
      "locked": {
        "lastModified": 1763919973,
        "narHash": "sha256-OTCLK1cj5R9tQhAnlhotyUuuUzgTKdXeHhH+BJ9WslI=",
        "owner": "diniamo",
        "repo": "dwl",
        "rev": "13df66b0b8374cf750ac96a925d29d52ad8f30cb",
        "type": "github"
      },
      "original": {
        "owner": "diniamo",
        "repo": "dwl",
        "type": "github"
      }
    },
    "fenix": {
      "inputs": {
        "nixpkgs": [
          "niqspkgs",
          "nq",
          "dix",
          "nixpkgs"
        ],
        "rust-analyzer-src": "rust-analyzer-src"
      },
      "locked": {
        "lastModified": 1753598717,
        "narHash": "sha256-Kn5J8HDd+k51c72upNc9IKmIaqN+AqrZfhcU5rDEMHo=",
        "owner": "nix-community",
        "repo": "fenix",
        "rev": "1dd2e6a479e1d6210d67bf10a119e10c508d9b5f",
        "type": "github"
      },
      "original": {
        "owner": "nix-community",
        "repo": "fenix",
        "type": "github"
      }
    },
    "flake-compat": {
      "locked": {
        "lastModified": 1761588595,
        "narHash": "sha256-XKUZz9zewJNUj46b4AJdiRZJAvSZ0Dqj2BNfXvFlJC4=",
        "owner": "edolstra",
        "repo": "flake-compat",
        "rev": "f387cd2afec9419c8ee37694406ca490c3f34ee5",
        "type": "github"
      },
      "original": {
        "owner": "edolstra",
        "repo": "flake-compat",
        "type": "github"
      }
    },
    "flake-parts": {
      "inputs": {
        "nixpkgs-lib": [
          "nixpkgs"
        ]
      },
      "locked": {
        "lastModified": 1762980239,
        "narHash": "sha256-8oNVE8TrD19ulHinjaqONf9QWCKK+w4url56cdStMpM=",
        "owner": "hercules-ci",
        "repo": "flake-parts",
        "rev": "52a2caecc898d0b46b2b905f058ccc5081f842da",
        "type": "github"
      },
      "original": {
        "owner": "hercules-ci",
        "repo": "flake-parts",
        "type": "github"
      }
    },
    "flake-utils": {
      "inputs": {
        "systems": [
          "systems"
        ]
      },
      "locked": {
        "lastModified": 1731533236,
        "narHash": "sha256-l0KFg5HjrsfsO/JpG+r7fRrqm12kzFHyUHqHCVpMMbI=",
        "owner": "numtide",
        "repo": "flake-utils",
        "rev": "11707dc2f618dd54ca8739b309ec4fc024de578b",
        "type": "github"
      },
      "original": {
        "owner": "numtide",
        "repo": "flake-utils",
        "type": "github"
      }
    },
    "flint": {
      "inputs": {
        "nixpkgs": [
          "niqspkgs",
          "nixpkgs"
        ]
      },
      "locked": {
        "lastModified": 1762437643,
        "narHash": "sha256-nQ2ItqrkvOYEjJr1HcXkIEFS4SEy5q1ax0Y1CTuKhHs=",
        "owner": "NotAShelf",
        "repo": "flint",
        "rev": "36c565edd971166718d21ae973c792b194ca737d",
        "type": "github"
      },
      "original": {
        "owner": "NotAShelf",
        "repo": "flint",
        "type": "github"
      }
    },
    "gitignore": {
      "inputs": {
        "nixpkgs": "nixpkgs"
      },
      "locked": {
        "lastModified": 1762808025,
        "narHash": "sha256-XmjITeZNMTQXGhhww6ed/Wacy2KzD6svioyCX7pkUu4=",
        "owner": "hercules-ci",
        "repo": "gitignore.nix",
        "rev": "cb5e3fdca1de58ccbc3ef53de65bd372b48f567c",
        "type": "github"
      },
      "original": {
        "owner": "hercules-ci",
        "repo": "gitignore.nix",
        "type": "github"
      }
    },
    "lanzaboote": {
      "inputs": {
        "crane": "crane",
        "nixpkgs": [
          "nixpkgs"
        ],
        "pre-commit": [
          "pre-commit-hooks"
        ],
        "rust-overlay": [
          "rust-overlay"
        ]
      },
      "locked": {
        "lastModified": 1763563389,
        "narHash": "sha256-ATuiSBINBTjVXiGOYJAX6ttiDElV9MmjkqG4A8a/J8g=",
        "owner": "nix-community",
        "repo": "lanzaboote",
        "rev": "b2f781751764ff57d54f7cf1910ae1bbf268ed1c",
        "type": "github"
      },
      "original": {
        "owner": "nix-community",
        "repo": "lanzaboote",
        "type": "github"
      }
    },
    "niqspkgs": {
      "inputs": {
        "dsync": "dsync",
        "flake-parts": [
          "flake-parts"
        ],
        "flint": "flint",
        "nixpkgs": "nixpkgs_2",
        "nq": "nq",
        "systems": [
          "systems"
        ],
        "watt": "watt",
        "wiremix": "wiremix"
      },
      "locked": {
        "lastModified": 1763577302,
        "narHash": "sha256-U2HI6brkBSbFElHCOfEetcgi2IBEnoGdeek6EfbAbeo=",
        "owner": "diniamo",
        "repo": "niqspkgs",
        "rev": "5b3b46407dfa1ed06ce49915448f2bc722ce0052",
        "type": "github"
      },
      "original": {
        "owner": "diniamo",
        "repo": "niqspkgs",
        "type": "github"
      }
    },
    "nix-home": {
      "inputs": {
        "nixpkgs": [
          "nixpkgs"
        ],
        "systems": [
          "systems"
        ]
      },
      "locked": {
        "lastModified": 1763576126,
        "narHash": "sha256-t3YhzPSyl+gOgIfZJWorjgDTmSyebsqyC9IM+j/AfRI=",
        "owner": "diniamo",
        "repo": "nix-home",
        "rev": "63d83dc0e6d9a2b44df7759e7a703f163e1bcab2",
        "type": "github"
      },
      "original": {
        "owner": "diniamo",
        "repo": "nix-home",
        "type": "github"
      }
    },
    "nix-index-database": {
      "inputs": {
        "nixpkgs": [
          "nixpkgs"
        ]
      },
      "locked": {
        "lastModified": 1763265660,
        "narHash": "sha256-Ad9Rd3ZAidrH01xP73S3CjPiyXo7ywZs3uCESjPwUdc=",
        "owner": "nix-community",
        "repo": "nix-index-database",
        "rev": "469ef53571ea80890c9497952787920c79c1ee6e",
        "type": "github"
      },
      "original": {
        "owner": "nix-community",
        "repo": "nix-index-database",
        "type": "github"
      }
    },
    "nixpkgs": {
      "locked": {
        "lastModified": 1666603677,
        "narHash": "sha256-apAEIj+z1iwMaMJ4tB21r/VTetfGDLDzuhXRHJknIAU=",
        "owner": "NixOS",
        "repo": "nixpkgs",
        "rev": "074da18a72269cc5a6cf444dce42daea5649b2fe",
        "type": "github"
      },
      "original": {
        "id": "nixpkgs",
        "type": "indirect"
      }
    },
    "nixpkgs_2": {
      "locked": {
        "lastModified": 1763421233,
        "narHash": "sha256-Stk9ZYRkGrnnpyJ4eqt9eQtdFWRRIvMxpNRf4sIegnw=",
        "owner": "NixOS",
        "repo": "nixpkgs",
        "rev": "89c2b2330e733d6cdb5eae7b899326930c2c0648",
        "type": "github"
      },
      "original": {
        "owner": "NixOS",
        "ref": "nixos-unstable",
        "repo": "nixpkgs",
        "type": "github"
      }
    },
    "nixpkgs_3": {
      "locked": {
        "lastModified": 1763574941,
        "narHash": "sha256-cipFqWGr3AKA9UDXMmjVnkgRa79QVEsFyGVwS6KYWp8=",
        "owner": "diniamo",
        "repo": "nixpkgs",
        "rev": "040abf031cab8074292b732e9e8497554141b161",
        "type": "github"
      },
      "original": {
        "owner": "diniamo",
        "ref": "custom",
        "repo": "nixpkgs",
        "type": "github"
      }
    },
    "nq": {
      "inputs": {
        "dix": "dix",
        "flake-parts": [
          "niqspkgs",
          "flake-parts"
        ],
        "nixpkgs": [
          "niqspkgs",
          "nixpkgs"
        ],
        "systems": [
          "niqspkgs",
          "systems"
        ]
      },
      "locked": {
        "lastModified": 1754720805,
        "narHash": "sha256-AdeDSk+ip4U2Eio2NT2Gs7UURE2iycUnyXC+bq8U3kI=",
        "owner": "diniamo",
        "repo": "nq",
        "rev": "c78867eb96b4f78e81b2892f341554d8cc9cf276",
        "type": "github"
      },
      "original": {
        "owner": "diniamo",
        "repo": "nq",
        "type": "github"
      }
    },
    "pre-commit-hooks": {
      "inputs": {
        "flake-compat": [
          "flake-compat"
        ],
        "gitignore": [
          "gitignore"
        ],
        "nixpkgs": [
          "nixpkgs"
        ]
      },
      "locked": {
        "lastModified": 1763319842,
        "narHash": "sha256-YG19IyrTdnVn0l3DvcUYm85u3PaqBt6tI6VvolcuHnA=",
        "owner": "cachix",
        "repo": "git-hooks.nix",
        "rev": "7275fa67fbbb75891c16d9dee7d88e58aea2d761",
        "type": "github"
      },
      "original": {
        "owner": "cachix",
        "repo": "git-hooks.nix",
        "type": "github"
      }
    },
    "root": {
      "inputs": {
        "artcnn": "artcnn",
        "dwl": "dwl",
        "flake-compat": "flake-compat",
        "flake-parts": "flake-parts",
        "flake-utils": "flake-utils",
        "gitignore": "gitignore",
        "lanzaboote": "lanzaboote",
        "niqspkgs": "niqspkgs",
        "nix-home": "nix-home",
        "nix-index-database": "nix-index-database",
        "nixpkgs": "nixpkgs_3",
        "pre-commit-hooks": "pre-commit-hooks",
        "rust-overlay": "rust-overlay",
        "systems": "systems",
        "wallpapers": "wallpapers",
        "watt": [
          "niqspkgs",
          "watt"
        ]
      }
    },
    "rust-analyzer-src": {
      "flake": false,
      "locked": {
        "lastModified": 1753540496,
        "narHash": "sha256-BB8YntBL5sv6ZwuPz5bz7vL6f6LOHUHDct9yWvcQvvI=",
        "owner": "rust-lang",
        "repo": "rust-analyzer",
        "rev": "ea413f67a8f730b4211c09e103f8207c62e7dbc3",
        "type": "github"
      },
      "original": {
        "owner": "rust-lang",
        "ref": "nightly",
        "repo": "rust-analyzer",
        "type": "github"
      }
    },
    "rust-overlay": {
      "inputs": {
        "nixpkgs": [
          "nixpkgs"
        ]
      },
      "locked": {
        "lastModified": 1763519912,
        "narHash": "sha256-N2YN0ZNBoz2zRRjmATePp9GbmGSGpVh3+piXn6mtgKc=",
        "owner": "oxalica",
        "repo": "rust-overlay",
        "rev": "a9c35d6e7cb70c5719170b6c2d3bb589c5e048af",
        "type": "github"
      },
      "original": {
        "owner": "oxalica",
        "repo": "rust-overlay",
        "type": "github"
      }
    },
    "systems": {
      "locked": {
        "lastModified": 1680978846,
        "narHash": "sha256-Gtqg8b/v49BFDpDetjclCYXm8mAnTrUzR0JnE2nv5aw=",
        "owner": "nix-systems",
        "repo": "x86_64-linux",
        "rev": "2ecfcac5e15790ba6ce360ceccddb15ad16d08a8",
        "type": "github"
      },
      "original": {
        "owner": "nix-systems",
        "repo": "x86_64-linux",
        "type": "github"
      }
    },
    "wallpapers": {
      "flake": false,
      "locked": {
        "lastModified": 1725376177,
        "narHash": "sha256-OsDg8AWn6PNPiU2iovYHXX6aNp5Nzh2GTZq1QzxsTuU=",
        "owner": "diniamo",
        "repo": "wallpapers",
        "rev": "969773047a3aac0c5d0348a17c6fdec4db1d6874",
        "type": "github"
      },
      "original": {
        "owner": "diniamo",
        "repo": "wallpapers",
        "type": "github"
      }
    },
    "watt": {
      "inputs": {
        "nixpkgs": [
          "niqspkgs",
          "nixpkgs"
        ]
      },
      "locked": {
        "lastModified": 1754314403,
        "narHash": "sha256-pETi/Fs+8FF2ZuE+JyK9+NcFaDPMHx71UdWgmzjxvkQ=",
        "owner": "NotAShelf",
        "repo": "watt",
        "rev": "f68a9795616699870d213dc9e641dab655aa434a",
        "type": "github"
      },
      "original": {
        "owner": "NotAShelf",
        "repo": "watt",
        "type": "github"
      }
    },
    "wiremix": {
      "inputs": {
        "nixpkgs": [
          "niqspkgs",
          "nixpkgs"
        ],
        "systems": [
          "niqspkgs",
          "systems"
        ]
      },
      "locked": {
        "lastModified": 1758254107,
        "narHash": "sha256-EcrMe1WbxD9id6JhvmaHQfW+mPjzrAqqeZ47Xp3sRoc=",
        "owner": "tsowell",
        "repo": "wiremix",
        "rev": "05a40ca2a147ce3e015802acc62b2e7bb3711bde",
        "type": "github"
      },
      "original": {
        "owner": "tsowell",
        "repo": "wiremix",
        "type": "github"
      }
    }
  },
  "root": "root",
  "version": 7
}
